
Microsoft Visual Studio Solution File, Format Version 12.00
# Visual Studio Version 16
VisualStudioVersion = 16.0.30413.136
MinimumVisualStudioVersion = 10.0.40219.1
Project("{9A19103F-16F7-4668-BE54-9A1E7A4F7556}") = "Resources", "Dtx.Security\Resources\Resources.csproj", "{3B39DB8D-FC9A-4CD9-AC41-C69859FC16EB}"
EndProject
Project("{9A19103F-16F7-4668-BE54-9A1E7A4F7556}") = "Models", "Dtx.Security\Models\Models.csproj", "{13339654-7CAC-4DE0-9C84-EBF69860BE2E}"
EndProject
Project("{9A19103F-16F7-4668-BE54-9A1E7A4F7556}") = "Data", "Dtx.Security\Data\Data.csproj", "{98CBB170-4F8F-4BE1-ACB2-B9E246E3DE4B}"
EndProject
Project("{9A19103F-16F7-4668-BE54-9A1E7A4F7556}") = "ViewModels", "Dtx.Security\ViewModels\ViewModels.csproj", "{871AD768-D911-4D2F-990E-A168C650CDA1}"
EndProject
Project("{9A19103F-16F7-4668-BE54-9A1E7A4F7556}") = "Dtx", "Dtx.Security\Dtx\Dtx.csproj", "{4326F5C6-9129-487D-8229-43B6339F3915}"
EndProject
Project("{9A19103F-16F7-4668-BE54-9A1E7A4F7556}") = "Dtx.Security.Client", "Dtx.Security\Dtx.Security.Client\Dtx.Security.Client.csproj", "{52C0D2AB-ED72-49FB-ACC9-7C5C9EB8714B}"
EndProject
Project("{9A19103F-16F7-4668-BE54-9A1E7A4F7556}") = "Dtx.Security.Server", "Dtx.Security\Dtx.Security.Server\Dtx.Security.Server.csproj", "{BDE4F424-6B10-417D-BE17-B8E88FD02ED8}"
EndProject
Project("{9A19103F-16F7-4668-BE54-9A1E7A4F7556}") = "XUnitTestProject", "Dtx.Security\XUnitTestProject\XUnitTestProject.csproj", "{F6EC6268-36B2-44A0-93BD-9B19A86294ED}"
EndProject
Global
	GlobalSection(SolutionConfigurationPlatforms) = preSolution
		Debug|Any CPU = Debug|Any CPU
		Release|Any CPU = Release|Any CPU
	EndGlobalSection
	GlobalSection(ProjectConfigurationPlatforms) = postSolution
		{3B39DB8D-FC9A-4CD9-AC41-C69859FC16EB}.Debug|Any CPU.ActiveCfg = Debug|Any CPU
		{3B39DB8D-FC9A-4CD9-AC41-C69859FC16EB}.Debug|Any CPU.Build.0 = Debug|Any CPU
		{3B39DB8D-FC9A-4CD9-AC41-C69859FC16EB}.Release|Any CPU.ActiveCfg = Release|Any CPU
		{3B39DB8D-FC9A-4CD9-AC41-C69859FC16EB}.Release|Any CPU.Build.0 = Release|Any CPU
		{13339654-7CAC-4DE0-9C84-EBF69860BE2E}.Debug|Any CPU.ActiveCfg = Debug|Any CPU
		{13339654-7CAC-4DE0-9C84-EBF69860BE2E}.Debug|Any CPU.Build.0 = Debug|Any CPU
		{13339654-7CAC-4DE0-9C84-EBF69860BE2E}.Release|Any CPU.ActiveCfg = Release|Any CPU
		{13339654-7CAC-4DE0-9C84-EBF69860BE2E}.Release|Any CPU.Build.0 = Release|Any CPU
		{98CBB170-4F8F-4BE1-ACB2-B9E246E3DE4B}.Debug|Any CPU.ActiveCfg = Debug|Any CPU
		{98CBB170-4F8F-4BE1-ACB2-B9E246E3DE4B}.Debug|Any CPU.Build.0 = Debug|Any CPU
		{98CBB170-4F8F-4BE1-ACB2-B9E246E3DE4B}.Release|Any CPU.ActiveCfg = Release|Any CPU
		{98CBB170-4F8F-4BE1-ACB2-B9E246E3DE4B}.Release|Any CPU.Build.0 = Release|Any CPU
		{871AD768-D911-4D2F-990E-A168C650CDA1}.Debug|Any CPU.ActiveCfg = Debug|Any CPU
		{871AD768-D911-4D2F-990E-A168C650CDA1}.Debug|Any CPU.Build.0 = Debug|Any CPU
		{871AD768-D911-4D2F-990E-A168C650CDA1}.Release|Any CPU.ActiveCfg = Release|Any CPU
		{871AD768-D911-4D2F-990E-A168C650CDA1}.Release|Any CPU.Build.0 = Release|Any CPU
		{4326F5C6-9129-487D-8229-43B6339F3915}.Debug|Any CPU.ActiveCfg = Debug|Any CPU
		{4326F5C6-9129-487D-8229-43B6339F3915}.Debug|Any CPU.Build.0 = Debug|Any CPU
		{4326F5C6-9129-487D-8229-43B6339F3915}.Release|Any CPU.ActiveCfg = Release|Any CPU
		{4326F5C6-9129-487D-8229-43B6339F3915}.Release|Any CPU.Build.0 = Release|Any CPU
		{52C0D2AB-ED72-49FB-ACC9-7C5C9EB8714B}.Debug|Any CPU.ActiveCfg = Debug|Any CPU
		{52C0D2AB-ED72-49FB-ACC9-7C5C9EB8714B}.Debug|Any CPU.Build.0 = Debug|Any CPU
		{52C0D2AB-ED72-49FB-ACC9-7C5C9EB8714B}.Release|Any CPU.ActiveCfg = Release|Any CPU
		{52C0D2AB-ED72-49FB-ACC9-7C5C9EB8714B}.Release|Any CPU.Build.0 = Release|Any CPU
		{BDE4F424-6B10-417D-BE17-B8E88FD02ED8}.Debug|Any CPU.ActiveCfg = Debug|Any CPU
		{BDE4F424-6B10-417D-BE17-B8E88FD02ED8}.Debug|Any CPU.Build.0 = Debug|Any CPU
		{BDE4F424-6B10-417D-BE17-B8E88FD02ED8}.Release|Any CPU.ActiveCfg = Release|Any CPU
		{BDE4F424-6B10-417D-BE17-B8E88FD02ED8}.Release|Any CPU.Build.0 = Release|Any CPU
		{F6EC6268-36B2-44A0-93BD-9B19A86294ED}.Debug|Any CPU.ActiveCfg = Debug|Any CPU
		{F6EC6268-36B2-44A0-93BD-9B19A86294ED}.Debug|Any CPU.Build.0 = Debug|Any CPU
		{F6EC6268-36B2-44A0-93BD-9B19A86294ED}.Release|Any CPU.ActiveCfg = Release|Any CPU
		{F6EC6268-36B2-44A0-93BD-9B19A86294ED}.Release|Any CPU.Build.0 = Release|Any CPU
	EndGlobalSection
	GlobalSection(SolutionProperties) = preSolution
		HideSolutionNode = FALSE
	EndGlobalSection
	GlobalSection(ExtensibilityGlobals) = postSolution
		SolutionGuid = {0C31024A-6887-4196-A01F-7079AF045BD6}
	EndGlobalSection
EndGlobal
